
Microsoft Visual Studio Solution File, Format Version 12.00
# Visual Studio Version 17
VisualStudioVersion = 17.0.31912.275
MinimumVisualStudioVersion = 10.0.40219.1
Project("{FAE04EC0-301F-11D3-BF4B-00C04F79EFBC}") = "project_DJ", "project_DJ\project_DJ.csproj", "{F58F126A-685A-4E4E-A1D1-594B49E1F316}"
EndProject
Global
	GlobalSection(SolutionConfigurationPlatforms) = preSolution
		Debug|Any CPU = Debug|Any CPU
		Release|Any CPU = Release|Any CPU
	EndGlobalSection
	GlobalSection(ProjectConfigurationPlatforms) = postSolution
		{F58F126A-685A-4E4E-A1D1-594B49E1F316}.Debug|Any CPU.ActiveCfg = Debug|Any CPU
		{F58F126A-685A-4E4E-A1D1-594B49E1F316}.Debug|Any CPU.Build.0 = Debug|Any CPU
		{F58F126A-685A-4E4E-A1D1-594B49E1F316}.Release|Any CPU.ActiveCfg = Release|Any CPU
		{F58F126A-685A-4E4E-A1D1-594B49E1F316}.Release|Any CPU.Build.0 = Release|Any CPU
	EndGlobalSection
	GlobalSection(SolutionProperties) = preSolution
		HideSolutionNode = FALSE
	EndGlobalSection
	GlobalSection(ExtensibilityGlobals) = postSolution
		SolutionGuid = {643F95D3-10FF-469E-A657-5CF46CC7DE94}
	EndGlobalSection
EndGlobal
